
Microsoft Visual Studio Solution File, Format Version 12.00
# Visual Studio Version 17
VisualStudioVersion = 17.10.35013.160
MinimumVisualStudioVersion = 10.0.40219.1
Project("{9A19103F-16F7-4668-BE54-9A1E7A4F7556}") = "Infrastructure", "Infrastructure\Infrastructure.csproj", "{D280B0B7-1F46-444E-924C-4106D7F5DB2E}"
EndProject
Project("{9A19103F-16F7-4668-BE54-9A1E7A4F7556}") = "Application", "Application\Application.csproj", "{1F3F9841-2985-4B20-9B55-FA4E7BAE841C}"
EndProject
Project("{9A19103F-16F7-4668-BE54-9A1E7A4F7556}") = "Domain", "Domain\Domain.csproj", "{1CFD379D-D4BB-481D-9717-8505EDA518C5}"
EndProject
Project("{9A19103F-16F7-4668-BE54-9A1E7A4F7556}") = "WebMVC", "WebMVC\WebMVC.csproj", "{81D320DD-2FC7-4719-832B-048B1D120082}"
EndProject
Global
	GlobalSection(SolutionConfigurationPlatforms) = preSolution
		Debug|Any CPU = Debug|Any CPU
		Release|Any CPU = Release|Any CPU
	EndGlobalSection
	GlobalSection(ProjectConfigurationPlatforms) = postSolution
		{D280B0B7-1F46-444E-924C-4106D7F5DB2E}.Debug|Any CPU.ActiveCfg = Debug|Any CPU
		{D280B0B7-1F46-444E-924C-4106D7F5DB2E}.Debug|Any CPU.Build.0 = Debug|Any CPU
		{D280B0B7-1F46-444E-924C-4106D7F5DB2E}.Release|Any CPU.ActiveCfg = Release|Any CPU
		{D280B0B7-1F46-444E-924C-4106D7F5DB2E}.Release|Any CPU.Build.0 = Release|Any CPU
		{1F3F9841-2985-4B20-9B55-FA4E7BAE841C}.Debug|Any CPU.ActiveCfg = Debug|Any CPU
		{1F3F9841-2985-4B20-9B55-FA4E7BAE841C}.Debug|Any CPU.Build.0 = Debug|Any CPU
		{1F3F9841-2985-4B20-9B55-FA4E7BAE841C}.Release|Any CPU.ActiveCfg = Release|Any CPU
		{1F3F9841-2985-4B20-9B55-FA4E7BAE841C}.Release|Any CPU.Build.0 = Release|Any CPU
		{1CFD379D-D4BB-481D-9717-8505EDA518C5}.Debug|Any CPU.ActiveCfg = Debug|Any CPU
		{1CFD379D-D4BB-481D-9717-8505EDA518C5}.Debug|Any CPU.Build.0 = Debug|Any CPU
		{1CFD379D-D4BB-481D-9717-8505EDA518C5}.Release|Any CPU.ActiveCfg = Release|Any CPU
		{1CFD379D-D4BB-481D-9717-8505EDA518C5}.Release|Any CPU.Build.0 = Release|Any CPU
		{81D320DD-2FC7-4719-832B-048B1D120082}.Debug|Any CPU.ActiveCfg = Debug|Any CPU
		{81D320DD-2FC7-4719-832B-048B1D120082}.Debug|Any CPU.Build.0 = Debug|Any CPU
		{81D320DD-2FC7-4719-832B-048B1D120082}.Release|Any CPU.ActiveCfg = Release|Any CPU
		{81D320DD-2FC7-4719-832B-048B1D120082}.Release|Any CPU.Build.0 = Release|Any CPU
	EndGlobalSection
	GlobalSection(SolutionProperties) = preSolution
		HideSolutionNode = FALSE
	EndGlobalSection
	GlobalSection(ExtensibilityGlobals) = postSolution
		SolutionGuid = {26CEE484-31EC-4E6E-B91F-38213644AA35}
	EndGlobalSection
EndGlobal
