
Microsoft Visual Studio Solution File, Format Version 12.00
# Visual Studio Version 17
VisualStudioVersion = 17.10.35122.118
MinimumVisualStudioVersion = 10.0.40219.1
Project("{FAE04EC0-301F-11D3-BF4B-00C04F79EFBC}") = "C4_BaiTap", "C4_BaiTap\C4_BaiTap.csproj", "{9E359D65-B48F-41A4-97F6-197079946D2B}"
EndProject
Global
	GlobalSection(SolutionConfigurationPlatforms) = preSolution
		Debug|Any CPU = Debug|Any CPU
		Release|Any CPU = Release|Any CPU
	EndGlobalSection
	GlobalSection(ProjectConfigurationPlatforms) = postSolution
		{9E359D65-B48F-41A4-97F6-197079946D2B}.Debug|Any CPU.ActiveCfg = Debug|Any CPU
		{9E359D65-B48F-41A4-97F6-197079946D2B}.Debug|Any CPU.Build.0 = Debug|Any CPU
		{9E359D65-B48F-41A4-97F6-197079946D2B}.Release|Any CPU.ActiveCfg = Release|Any CPU
		{9E359D65-B48F-41A4-97F6-197079946D2B}.Release|Any CPU.Build.0 = Release|Any CPU
	EndGlobalSection
	GlobalSection(SolutionProperties) = preSolution
		HideSolutionNode = FALSE
	EndGlobalSection
	GlobalSection(ExtensibilityGlobals) = postSolution
		SolutionGuid = {8A293E01-C197-4D6C-B53B-BB0B7F254775}
	EndGlobalSection
EndGlobal
